
Microsoft Visual Studio Solution File, Format Version 12.00
# Visual Studio Version 16
VisualStudioVersion = 16.0.32929.386
MinimumVisualStudioVersion = 10.0.40219.1
Project("{FAE04EC0-301F-11D3-BF4B-00C04F79EFBC}") = "UpSchool_CQRS_Projects", "UpSchool_CQRS_Projects\UpSchool_CQRS_Projects.csproj", "{BF82AA71-018F-4926-A5B2-969E102EFB75}"
EndProject
Global
	GlobalSection(SolutionConfigurationPlatforms) = preSolution
		Debug|Any CPU = Debug|Any CPU
		Release|Any CPU = Release|Any CPU
	EndGlobalSection
	GlobalSection(ProjectConfigurationPlatforms) = postSolution
		{BF82AA71-018F-4926-A5B2-969E102EFB75}.Debug|Any CPU.ActiveCfg = Debug|Any CPU
		{BF82AA71-018F-4926-A5B2-969E102EFB75}.Debug|Any CPU.Build.0 = Debug|Any CPU
		{BF82AA71-018F-4926-A5B2-969E102EFB75}.Release|Any CPU.ActiveCfg = Release|Any CPU
		{BF82AA71-018F-4926-A5B2-969E102EFB75}.Release|Any CPU.Build.0 = Release|Any CPU
	EndGlobalSection
	GlobalSection(SolutionProperties) = preSolution
		HideSolutionNode = FALSE
	EndGlobalSection
	GlobalSection(ExtensibilityGlobals) = postSolution
		SolutionGuid = {882F7F13-19BF-45CD-AE1E-341AFD60B266}
	EndGlobalSection
EndGlobal
